
Microsoft Visual Studio Solution File, Format Version 12.00
# Visual Studio Version 17
VisualStudioVersion = 17.3.32819.101
MinimumVisualStudioVersion = 10.0.40219.1
Project("{9A19103F-16F7-4668-BE54-9A1E7A4F7556}") = "ForeignWords", "ForeignWords\ForeignWords.csproj", "{34AA9285-76CF-4AB4-A91C-2814574846CF}"
EndProject
Project("{2150E333-8FDC-42A3-9474-1A3956D46DE8}") = "Solution Items", "Solution Items", "{593C39D4-F37A-4A1C-98EE-AFD33D374D56}"
	ProjectSection(SolutionItems) = preProject
		.editorconfig = .editorconfig
	EndProjectSection
EndProject
Project("{D954291E-2A0B-460D-934E-DC6B0785DB48}") = "SharedProject", "SharedProject\SharedProject.shproj", "{D5FE75DF-EF25-4F86-92CC-FD5406D9C6F7}"
EndProject
Project("{9A19103F-16F7-4668-BE54-9A1E7A4F7556}") = "FWLanguageEditor", "FWLanguageEditor\FWLanguageEditor.csproj", "{793D2D7D-AD4E-438B-9EA4-2225A894926A}"
EndProject
Project("{9A19103F-16F7-4668-BE54-9A1E7A4F7556}") = "ClozeConsole", "ClozeConsole\ClozeConsole.csproj", "{7715196A-06CC-45EC-92F3-435325B6D871}"
EndProject
Project("{9A19103F-16F7-4668-BE54-9A1E7A4F7556}") = "CloseEndedQuestionnaire", "CloseEndedQuestionnaire\CloseEndedQuestionnaire.csproj", "{7BA8E03E-50A4-4AA4-B0D9-B39537363275}"
EndProject
Project("{9A19103F-16F7-4668-BE54-9A1E7A4F7556}") = "QuestionLoopConsole", "QuestionLoopConsole\QuestionLoopConsole.csproj", "{1264ABC2-E52F-420B-8121-52094E92CADE}"
EndProject
Global
	GlobalSection(SolutionConfigurationPlatforms) = preSolution
		Debug|Any CPU = Debug|Any CPU
		Release|Any CPU = Release|Any CPU
	EndGlobalSection
	GlobalSection(ProjectConfigurationPlatforms) = postSolution
		{34AA9285-76CF-4AB4-A91C-2814574846CF}.Debug|Any CPU.ActiveCfg = Debug|Any CPU
		{34AA9285-76CF-4AB4-A91C-2814574846CF}.Debug|Any CPU.Build.0 = Debug|Any CPU
		{34AA9285-76CF-4AB4-A91C-2814574846CF}.Release|Any CPU.ActiveCfg = Release|Any CPU
		{34AA9285-76CF-4AB4-A91C-2814574846CF}.Release|Any CPU.Build.0 = Release|Any CPU
		{793D2D7D-AD4E-438B-9EA4-2225A894926A}.Debug|Any CPU.ActiveCfg = Debug|Any CPU
		{793D2D7D-AD4E-438B-9EA4-2225A894926A}.Debug|Any CPU.Build.0 = Debug|Any CPU
		{793D2D7D-AD4E-438B-9EA4-2225A894926A}.Release|Any CPU.ActiveCfg = Release|Any CPU
		{793D2D7D-AD4E-438B-9EA4-2225A894926A}.Release|Any CPU.Build.0 = Release|Any CPU
		{7715196A-06CC-45EC-92F3-435325B6D871}.Debug|Any CPU.ActiveCfg = Debug|Any CPU
		{7715196A-06CC-45EC-92F3-435325B6D871}.Debug|Any CPU.Build.0 = Debug|Any CPU
		{7715196A-06CC-45EC-92F3-435325B6D871}.Release|Any CPU.ActiveCfg = Release|Any CPU
		{7715196A-06CC-45EC-92F3-435325B6D871}.Release|Any CPU.Build.0 = Release|Any CPU
		{7BA8E03E-50A4-4AA4-B0D9-B39537363275}.Debug|Any CPU.ActiveCfg = Debug|Any CPU
		{7BA8E03E-50A4-4AA4-B0D9-B39537363275}.Debug|Any CPU.Build.0 = Debug|Any CPU
		{7BA8E03E-50A4-4AA4-B0D9-B39537363275}.Release|Any CPU.ActiveCfg = Release|Any CPU
		{7BA8E03E-50A4-4AA4-B0D9-B39537363275}.Release|Any CPU.Build.0 = Release|Any CPU
		{1264ABC2-E52F-420B-8121-52094E92CADE}.Debug|Any CPU.ActiveCfg = Debug|Any CPU
		{1264ABC2-E52F-420B-8121-52094E92CADE}.Debug|Any CPU.Build.0 = Debug|Any CPU
		{1264ABC2-E52F-420B-8121-52094E92CADE}.Release|Any CPU.ActiveCfg = Release|Any CPU
		{1264ABC2-E52F-420B-8121-52094E92CADE}.Release|Any CPU.Build.0 = Release|Any CPU
	EndGlobalSection
	GlobalSection(SolutionProperties) = preSolution
		HideSolutionNode = FALSE
	EndGlobalSection
	GlobalSection(ExtensibilityGlobals) = postSolution
		SolutionGuid = {6B8A16E9-6648-491E-839E-C4D811F97A69}
	EndGlobalSection
	GlobalSection(SharedMSBuildProjectFiles) = preSolution
		Comuni_gamonScuola\Comuni_gamonScuola.projitems*{1264abc2-e52f-420b-8121-52094e92cade}*SharedItemsImports = 5
		SharedProject\SharedProject.projitems*{34aa9285-76cf-4ab4-a91c-2814574846cf}*SharedItemsImports = 5
		Comuni_gamonScuola\Comuni_gamonScuola.projitems*{7715196a-06cc-45ec-92f3-435325b6d871}*SharedItemsImports = 5
		SharedProject\SharedProject.projitems*{793d2d7d-ad4e-438b-9ea4-2225a894926a}*SharedItemsImports = 5
		SharedProject\SharedProject.projitems*{d5fe75df-ef25-4f86-92cc-fd5406d9c6f7}*SharedItemsImports = 13
	EndGlobalSection
EndGlobal
